
Microsoft Visual Studio Solution File, Format Version 12.00
# Visual Studio Version 17
VisualStudioVersion = 17.8.34511.84
MinimumVisualStudioVersion = 10.0.40219.1
Project("{FAE04EC0-301F-11D3-BF4B-00C04F79EFBC}") = "EncapsulationInCSharpCompleteExample", "EncapsulationInCSharpCompleteExample.csproj", "{CF5BEDD0-BAC2-4A74-A52E-4DDE022E7B1E}"
EndProject
Global
	GlobalSection(SolutionConfigurationPlatforms) = preSolution
		Debug|Any CPU = Debug|Any CPU
		Release|Any CPU = Release|Any CPU
	EndGlobalSection
	GlobalSection(ProjectConfigurationPlatforms) = postSolution
		{CF5BEDD0-BAC2-4A74-A52E-4DDE022E7B1E}.Debug|Any CPU.ActiveCfg = Debug|Any CPU
		{CF5BEDD0-BAC2-4A74-A52E-4DDE022E7B1E}.Debug|Any CPU.Build.0 = Debug|Any CPU
		{CF5BEDD0-BAC2-4A74-A52E-4DDE022E7B1E}.Release|Any CPU.ActiveCfg = Release|Any CPU
		{CF5BEDD0-BAC2-4A74-A52E-4DDE022E7B1E}.Release|Any CPU.Build.0 = Release|Any CPU
	EndGlobalSection
	GlobalSection(SolutionProperties) = preSolution
		HideSolutionNode = FALSE
	EndGlobalSection
	GlobalSection(ExtensibilityGlobals) = postSolution
		SolutionGuid = {BEDDB804-74C3-4B59-B4E0-D2A84EACE262}
	EndGlobalSection
EndGlobal
